// !$*UTF8*$!
{
	archiveVersion = 1;
	classes = {
	};
	objectVersion = 46;
	objects = {

/* Begin PBXBuildFile section */
		1D0E399C1E26E79F00B8C436 /* main.m in Sources */ = {isa = PBXBuildFile; fileRef = 1D0E399B1E26E79F00B8C436 /* main.m */; };
		1D0E399F1E26E79F00B8C436 /* AppDelegate.m in Sources */ = {isa = PBXBuildFile; fileRef = 1D0E399E1E26E79F00B8C436 /* AppDelegate.m */; };
		1D0E39A21E26E79F00B8C436 /* TipViewController.m in Sources */ = {isa = PBXBuildFile; fileRef = 1D0E39A11E26E79F00B8C436 /* TipViewController.m */; };
		1D0E39A51E26E79F00B8C436 /* Main.storyboard in Resources */ = {isa = PBXBuildFile; fileRef = 1D0E39A31E26E79F00B8C436 /* Main.storyboard */; };
		1D0E39A71E26E79F00B8C436 /* Assets.xcassets in Resources */ = {isa = PBXBuildFile; fileRef = 1D0E39A61E26E79F00B8C436 /* Assets.xcassets */; };
		1D0E39AA1E26E79F00B8C436 /* LaunchScreen.storyboard in Resources */ = {isa = PBXBuildFile; fileRef = 1D0E39A81E26E79F00B8C436 /* LaunchScreen.storyboard */; };
		1D0E39B31E281B4400B8C436 /* SettingsViewController.m in Sources */ = {isa = PBXBuildFile; fileRef = 1D0E39B21E281B4400B8C436 /* SettingsViewController.m */; };
/* End PBXBuildFile section */

/* Begin PBXFileReference section */
		1D0E39971E26E79F00B8C436 /* TipCalculator.app */ = {isa = PBXFileReference; explicitFileType = wrapper.application; includeInIndex = 0; path = TipCalculator.app; sourceTree = BUILT_PRODUCTS_DIR; };
		1D0E399B1E26E79F00B8C436 /* main.m */ = {isa = PBXFileReference; lastKnownFileType = sourcecode.c.objc; path = main.m; sourceTree = "<group>"; };
		1D0E399D1E26E79F00B8C436 /* AppDelegate.h */ = {isa = PBXFileReference; lastKnownFileType = sourcecode.c.h; path = AppDelegate.h; sourceTree = "<group>"; };
		1D0E399E1E26E79F00B8C436 /* AppDelegate.m */ = {isa = PBXFileReference; lastKnownFileType = sourcecode.c.objc; path = AppDelegate.m; sourceTree = "<group>"; };
		1D0E39A01E26E79F00B8C436 /* TipViewController.h */ = {isa = PBXFileReference; lastKnownFileType = sourcecode.c.h; path = TipViewController.h; sourceTree = "<group>"; };
		1D0E39A11E26E79F00B8C436 /* TipViewController.m */ = {isa = PBXFileReference; lastKnownFileType = sourcecode.c.objc; path = TipViewController.m; sourceTree = "<group>"; };
		1D0E39A41E26E79F00B8C436 /* Base */ = {isa = PBXFileReference; lastKnownFileType = file.storyboard; name = Base; path = Base.lproj/Main.storyboard; sourceTree = "<group>"; };
		1D0E39A61E26E79F00B8C436 /* Assets.xcassets */ = {isa = PBXFileReference; lastKnownFileType = folder.assetcatalog; path = Assets.xcassets; sourceTree = "<group>"; };
		1D0E39A91E26E79F00B8C436 /* Base */ = {isa = PBXFileReference; lastKnownFileType = file.storyboard; name = Base; path = Base.lproj/LaunchScreen.storyboard; sourceTree = "<group>"; };
		1D0E39AB1E26E79F00B8C436 /* Info.plist */ = {isa = PBXFileReference; lastKnownFileType = text.plist.xml; path = Info.plist; sourceTree = "<group>"; };
		1D0E39B11E281B4400B8C436 /* SettingsViewController.h */ = {isa = PBXFileReference; fileEncoding = 4; lastKnownFileType = sourcecode.c.h; path = SettingsViewController.h; sourceTree = "<group>"; };
		1D0E39B21E281B4400B8C436 /* SettingsViewController.m */ = {isa = PBXFileReference; fileEncoding = 4; lastKnownFileType = sourcecode.c.objc; path = SettingsViewController.m; sourceTree = "<group>"; };
/* End PBXFileReference section */

/* Begin PBXFrameworksBuildPhase section */
		1D0E39941E26E79F00B8C436 /* Frameworks */ = {
			isa = PBXFrameworksBuildPhase;
			buildActionMask = 2147483647;
			files = (
			);
			runOnlyForDeploymentPostprocessing = 0;
		};
/* End PBXFrameworksBuildPhase section */

/* Begin PBXGroup section */
		1D0E398E1E26E79F00B8C436 = {
			isa = PBXGroup;
			children = (
				1D0E39991E26E79F00B8C436 /* TipCalculator */,
				1D0E39981E26E79F00B8C436 /* Products */,
			);
			sourceTree = "<group>";
		};
		1D0E39981E26E79F00B8C436 /* Products */ = {
			isa = PBXGroup;
			children = (
				1D0E39971E26E79F00B8C436 /* TipCalculator.app */,
			);
			name = Products;
			sourceTree = "<group>";
		};
		1D0E39991E26E79F00B8C436 /* TipCalculator */ = {
			isa = PBXGroup;
			children = (
				1D0E399D1E26E79F00B8C436 /* AppDelegate.h */,
				1D0E399E1E26E79F00B8C436 /* AppDelegate.m */,
				1D0E39A01E26E79F00B8C436 /* TipViewController.h */,
				1D0E39A11E26E79F00B8C436 /* TipViewController.m */,
				1D0E39A31E26E79F00B8C436 /* Main.storyboard */,
				1D0E39B11E281B4400B8C436 /* SettingsViewController.h */,
				1D0E39B21E281B4400B8C436 /* SettingsViewController.m */,
				1D0E39A61E26E79F00B8C436 /* Assets.xcassets */,
				1D0E39A81E26E79F00B8C436 /* LaunchScreen.storyboard */,
				1D0E39AB1E26E79F00B8C436 /* Info.plist */,
				1D0E399A1E26E79F00B8C436 /* Supporting Files */,
			);
			path = TipCalculator;
			sourceTree = "<group>";
		};
		1D0E399A1E26E79F00B8C436 /* Supporting Files */ = {
			isa = PBXGroup;
			children = (
				1D0E399B1E26E79F00B8C436 /* main.m */,
			);
			name = "Supporting Files";
			sourceTree = "<group>";
		};
/* End PBXGroup section */

/* Begin PBXNativeTarget section */
		1D0E39961E26E79F00B8C436 /* TipCalculator */ = {
			isa = PBXNativeTarget;
			buildConfigurationList = 1D0E39AE1E26E79F00B8C436 /* Build configuration list for PBXNativeTarget "TipCalculator" */;
			buildPhases = (
				1D0E39931E26E79F00B8C436 /* Sources */,
				1D0E39941E26E79F00B8C436 /* Frameworks */,
				1D0E39951E26E79F00B8C436 /* Resources */,
			);
			buildRules = (
			);
			dependencies = (
			);
			name = TipCalculator;
			productName = TipCalculator;
			productReference = 1D0E39971E26E79F00B8C436 /* TipCalculator.app */;
			productType = "com.apple.product-type.application";
		};
/* End PBXNativeTarget section */

/* Begin PBXProject section */
		1D0E398F1E26E79F00B8C436 /* Project object */ = {
			isa = PBXProject;
			attributes = {
				LastUpgradeCheck = 0820;
				ORGANIZATIONNAME = " Carol Hagler";
				TargetAttributes = {
					1D0E39961E26E79F00B8C436 = {
						CreatedOnToolsVersion = 8.2.1;
						ProvisioningStyle = Automatic;
					};
				};
			};
			buildConfigurationList = 1D0E39921E26E79F00B8C436 /* Build configuration list for PBXProject "TipCalculator" */;
			compatibilityVersion = "Xcode 3.2";
			developmentRegion = English;
			hasScannedForEncodings = 0;
			knownRegions = (
				en,
				Base,
			);
			mainGroup = 1D0E398E1E26E79F00B8C436;
			productRefGroup = 1D0E39981E26E79F00B8C436 /* Products */;
			projectDirPath = "";
			projectRoot = "";
			targets = (
				1D0E39961E26E79F00B8C436 /* TipCalculator */,
			);
		};
/* End PBXProject section */

/* Begin PBXResourcesBuildPhase section */
		1D0E39951E26E79F00B8C436 /* Resources */ = {
			isa = PBXResourcesBuildPhase;
			buildActionMask = 2147483647;
			files = (
				1D0E39AA1E26E79F00B8C436 /* LaunchScreen.storyboard in Resources */,
				1D0E39A71E26E79F00B8C436 /* Assets.xcassets in Resources */,
				1D0E39A51E26E79F00B8C436 /* Main.storyboard in Resources */,
			);
			runOnlyForDeploymentPostprocessing = 0;
		};
/* End PBXResourcesBuildPhase section */

/* Begin PBXSourcesBuildPhase section */
		1D0E39931E26E79F00B8C436 /* Sources */ = {
			isa = PBXSourcesBuildPhase;
			buildActionMask = 2147483647;
			files = (
				1D0E39A21E26E79F00B8C436 /* TipViewController.m in Sources */,
				1D0E399F1E26E79F00B8C436 /* AppDelegate.m in Sources */,
				1D0E399C1E26E79F00B8C436 /* main.m in Sources */,
				1D0E39B31E281B4400B8C436 /* SettingsViewController.m in Sources */,
			);
			runOnlyForDeploymentPostprocessing = 0;
		};
/* End PBXSourcesBuildPhase section */

/* Begin PBXVariantGroup section */
		1D0E39A31E26E79F00B8C436 /* Main.storyboard */ = {
			isa = PBXVariantGroup;
			children = (
				1D0E39A41E26E79F00B8C436 /* Base */,
			);
			name = Main.storyboard;
			sourceTree = "<group>";
		};
		1D0E39A81E26E79F00B8C436 /* LaunchScreen.storyboard */ = {
			isa = PBXVariantGroup;
			children = (
				1D0E39A91E26E79F00B8C436 /* Base */,
			);
			name = LaunchScreen.storyboard;
			sourceTree = "<group>";
		};
/* End PBXVariantGroup section */

/* Begin XCBuildConfiguration section */
		1D0E39AC1E26E79F00B8C436 /* Debug */ = {
			isa = XCBuildConfiguration;
			buildSettings = {
				ALWAYS_SEARCH_USER_PATHS = NO;
				CLANG_ANALYZER_NONNULL = YES;
				CLANG_CXX_LANGUAGE_STANDARD = "gnu++0x";
				CLANG_CXX_LIBRARY = "libc++";
				CLANG_ENABLE_MODULES = YES;
				CLANG_ENABLE_OBJC_ARC = YES;
				CLANG_WARN_BOOL_CONVERSION = YES;
				CLANG_WARN_CONSTANT_CONVERSION = YES;
				CLANG_WARN_DIRECT_OBJC_ISA_USAGE = YES_ERROR;
				CLANG_WARN_DOCUMENTATION_COMMENTS = YES;
				CLANG_WARN_EMPTY_BODY = YES;
				CLANG_WARN_ENUM_CONVERSION = YES;
				CLANG_WARN_INFINITE_RECURSION = YES;
				CLANG_WARN_INT_CONVERSION = YES;
				CLANG_WARN_OBJC_ROOT_CLASS = YES_ERROR;
				CLANG_WARN_SUSPICIOUS_MOVE = YES;
				CLANG_WARN_UNREACHABLE_CODE = YES;
				CLANG_WARN__DUPLICATE_METHOD_MATCH = YES;
				"CODE_SIGN_IDENTITY[sdk=iphoneos*]" = "iPhone Developer";
				COPY_PHASE_STRIP = NO;
				DEBUG_INFORMATION_FORMAT = dwarf;
				ENABLE_STRICT_OBJC_MSGSEND = YES;
				ENABLE_TESTABILITY = YES;
				GCC_C_LANGUAGE_STANDARD = gnu99;
				GCC_DYNAMIC_NO_PIC = NO;
				GCC_NO_COMMON_BLOCKS = YES;
				GCC_OPTIMIZATION_LEVEL = 0;
				GCC_PREPROCESSOR_DEFINITIONS = (
					"DEBUG=1",
					"$(inherited)",
				);
				GCC_WARN_64_TO_32_BIT_CONVERSION = YES;
				GCC_WARN_ABOUT_RETURN_TYPE = YES_ERROR;
				GCC_WARN_UNDECLARED_SELECTOR = YES;
				GCC_WARN_UNINITIALIZED_AUTOS = YES_AGGRESSIVE;
				GCC_WARN_UNUSED_FUNCTION = YES;
				GCC_WARN_UNUSED_VARIABLE = YES;
				IPHONEOS_DEPLOYMENT_TARGET = 10.2;
				MTL_ENABLE_DEBUG_INFO = YES;
				ONLY_ACTIVE_ARCH = YES;
				SDKROOT = iphoneos;
				TARGETED_DEVICE_FAMILY = "1,2";
			};
			name = Debug;
		};
		1D0E39AD1E26E79F00B8C436 /* Release */ = {
			isa = XCBuildConfiguration;
			buildSettings = {
				ALWAYS_SEARCH_USER_PATHS = NO;
				CLANG_ANALYZER_NONNULL = YES;
				CLANG_CXX_LANGUAGE_STANDARD = "gnu++0x";
				CLANG_CXX_LIBRARY = "libc++";
				CLANG_ENABLE_MODULES = YES;
				CLANG_ENABLE_OBJC_ARC = YES;
				CLANG_WARN_BOOL_CONVERSION = YES;
				CLANG_WARN_CONSTANT_CONVERSION = YES;
				CLANG_WARN_DIRECT_OBJC_ISA_USAGE = YES_ERROR;
				CLANG_WARN_DOCUMENTATION_COMMENTS = YES;
				CLANG_WARN_EMPTY_BODY = YES;
				CLANG_WARN_ENUM_CONVERSION = YES;
				CLANG_WARN_INFINITE_RECURSION = YES;
				CLANG_WARN_INT_CONVERSION = YES;
				CLANG_WARN_OBJC_ROOT_CLASS = YES_ERROR;
				CLANG_WARN_SUSPICIOUS_MOVE = YES;
				CLANG_WARN_UNREACHABLE_CODE = YES;
				CLANG_WARN__DUPLICATE_METHOD_MATCH = YES;
				"CODE_SIGN_IDENTITY[sdk=iphoneos*]" = "iPhone Developer";
				COPY_PHASE_STRIP = NO;
				DEBUG_INFORMATION_FORMAT = "dwarf-with-dsym";
				ENABLE_NS_ASSERTIONS = NO;
				ENABLE_STRICT_OBJC_MSGSEND = YES;
				GCC_C_LANGUAGE_STANDARD = gnu99;
				GCC_NO_COMMON_BLOCKS = YES;
				GCC_WARN_64_TO_32_BIT_CONVERSION = YES;
				GCC_WARN_ABOUT_RETURN_TYPE = YES_ERROR;
				GCC_WARN_UNDECLARED_SELECTOR = YES;
				GCC_WARN_UNINITIALIZED_AUTOS = YES_AGGRESSIVE;
				GCC_WARN_UNUSED_FUNCTION = YES;
				GCC_WARN_UNUSED_VARIABLE = YES;
				IPHONEOS_DEPLOYMENT_TARGET = 10.2;
				MTL_ENABLE_DEBUG_INFO = NO;
				SDKROOT = iphoneos;
				TARGETED_DEVICE_FAMILY = "1,2";
				VALIDATE_PRODUCT = YES;
			};
			name = Release;
		};
		1D0E39AF1E26E79F00B8C436 /* Debug */ = {
			isa = XCBuildConfiguration;
			buildSettings = {
				ASSETCATALOG_COMPILER_APPICON_NAME = AppIcon;
				INFOPLIST_FILE = TipCalculator/Info.plist;
				LD_RUNPATH_SEARCH_PATHS = "$(inherited) @executable_path/Frameworks";
				PRODUCT_BUNDLE_IDENTIFIER = chagler.TipCalculator;
				PRODUCT_NAME = "$(TARGET_NAME)";
			};
			name = Debug;
		};
		1D0E39B01E26E79F00B8C436 /* Release */ = {
			isa = XCBuildConfiguration;
			buildSettings = {
				ASSETCATALOG_COMPILER_APPICON_NAME = AppIcon;
				INFOPLIST_FILE = TipCalculator/Info.plist;
				LD_RUNPATH_SEARCH_PATHS = "$(inherited) @executable_path/Frameworks";
				PRODUCT_BUNDLE_IDENTIFIER = chagler.TipCalculator;
				PRODUCT_NAME = "$(TARGET_NAME)";
			};
			name = Release;
		};
/* End XCBuildConfiguration section */

/* Begin XCConfigurationList section */
		1D0E39921E26E79F00B8C436 /* Build configuration list for PBXProject "TipCalculator" */ = {
			isa = XCConfigurationList;
			buildConfigurations = (
				1D0E39AC1E26E79F00B8C436 /* Debug */,
				1D0E39AD1E26E79F00B8C436 /* Release */,
			);
			defaultConfigurationIsVisible = 0;
			defaultConfigurationName = Release;
		};
		1D0E39AE1E26E79F00B8C436 /* Build configuration list for PBXNativeTarget "TipCalculator" */ = {
			isa = XCConfigurationList;
			buildConfigurations = (
				1D0E39AF1E26E79F00B8C436 /* Debug */,
				1D0E39B01E26E79F00B8C436 /* Release */,
			);
			defaultConfigurationIsVisible = 0;
		};
/* End XCConfigurationList section */
	};
	rootObject = 1D0E398F1E26E79F00B8C436 /* Project object */;
}
